
Microsoft Visual Studio Solution File, Format Version 12.00
# Visual Studio Version 17
VisualStudioVersion = 17.5.002.0
MinimumVisualStudioVersion = 10.0.40219.1
Project("{9A19103F-16F7-4668-BE54-9A1E7A4F7556}") = "Cronometro_Allan", "Cronometro_Allan.csproj", "{ADE9E704-E716-49A4-9A0D-A3BD9AFD5A82}"
EndProject
Global
	GlobalSection(SolutionConfigurationPlatforms) = preSolution
		Debug|Any CPU = Debug|Any CPU
		Release|Any CPU = Release|Any CPU
	EndGlobalSection
	GlobalSection(ProjectConfigurationPlatforms) = postSolution
		{ADE9E704-E716-49A4-9A0D-A3BD9AFD5A82}.Debug|Any CPU.ActiveCfg = Debug|Any CPU
		{ADE9E704-E716-49A4-9A0D-A3BD9AFD5A82}.Debug|Any CPU.Build.0 = Debug|Any CPU
		{ADE9E704-E716-49A4-9A0D-A3BD9AFD5A82}.Release|Any CPU.ActiveCfg = Release|Any CPU
		{ADE9E704-E716-49A4-9A0D-A3BD9AFD5A82}.Release|Any CPU.Build.0 = Release|Any CPU
	EndGlobalSection
	GlobalSection(SolutionProperties) = preSolution
		HideSolutionNode = FALSE
	EndGlobalSection
	GlobalSection(ExtensibilityGlobals) = postSolution
		SolutionGuid = {5B527E32-226A-40B6-BA99-29A3FAB49F2D}
	EndGlobalSection
EndGlobal
